<?xml version="1.0" encoding="utf-8"?>
<Project ToolsVersion="4.0" xmlns="http://schemas.microsoft.com/developer/msbuild/2003">
  <ItemGroup>
    <Filter Include="Source Files">
      <UniqueIdentifier>{4FC737F1-C7A5-4376-A066-2A32D752A2FF}</UniqueIdentifier>
      <Extensions>cpp;c;cc;cxx;c++;cppm;ixx;def;odl;idl;hpj;bat;asm;asmx</Extensions>
    </Filter>
    <Filter Include="Header Files">
      <UniqueIdentifier>{93995380-89BD-4b04-88EB-625FBE52EBFB}</UniqueIdentifier>
      <Extensions>h;hh;hpp;hxx;h++;hm;inl;inc;ipp;xsd</Extensions>
    </Filter>
    <Filter Include="Resource Files">
      <UniqueIdentifier>{67DA6AB6-F800-4c08-8B7A-83BB121AAD01}</UniqueIdentifier>
      <Extensions>rc;ico;cur;bmp;dlg;rc2;rct;bin;rgs;gif;jpg;jpeg;jpe;resx;tiff;tif;png;wav;mfcribbon-ms</Extensions>
    </Filter>
  </ItemGroup>
  <ItemGroup>
    <ClInclude Include="external\imgui\imconfig.h">
      <Filter>Header Files</Filter>
    </ClInclude>
    <ClInclude Include="external\imgui\imgui.h">
      <Filter>Header Files</Filter>
    </ClInclude>
    <ClInclude Include="external\imgui\imgui_impl_dx11.h">
      <Filter>Header Files</Filter>
    </ClInclude>
    <ClInclude Include="external\imgui\imgui_impl_win32.h">
      <Filter>Header Files</Filter>
    </ClInclude>
    <ClInclude Include="external\imgui\imgui_internal.h">
      <Filter>Header Files</Filter>
    </ClInclude>
    <ClInclude Include="external\imgui\imstb_rectpack.h">
      <Filter>Header Files</Filter>
    </ClInclude>
    <ClInclude Include="external\imgui\imstb_textedit.h">
      <Filter>Header Files</Filter>
    </ClInclude>
    <ClInclude Include="external\imgui\imstb_truetype.h">
      <Filter>Header Files</Filter>
    </ClInclude>
    <ClInclude Include="src\ConfigManager.h">
      <Filter>Header Files</Filter>
    </ClInclude>
    <ClInclude Include="src\keys.h">
      <Filter>Header Files</Filter>
    </ClInclude>
    <ClInclude Include="src\autoclicker.h">
      <Filter>Header Files</Filter>
    </ClInclude>
    <ClInclude Include="src\globals.h">
      <Filter>Header Files</Filter>
    </ClInclude>
    <ClInclude Include="src\LowLevelKeyboardProc.h">
      <Filter>Header Files</Filter>
    </ClInclude>
    <ClInclude Include="external\discord_game_sdk\voice_manager.h">
      <Filter>Header Files</Filter>
    </ClInclude>
    <ClInclude Include="external\discord_game_sdk\achievement_manager.h">
      <Filter>Header Files</Filter>
    </ClInclude>
    <ClInclude Include="external\discord_game_sdk\activity_manager.h">
      <Filter>Header Files</Filter>
    </ClInclude>
    <ClInclude Include="external\discord_game_sdk\application_manager.h">
      <Filter>Header Files</Filter>
    </ClInclude>
    <ClInclude Include="external\discord_game_sdk\core.h">
      <Filter>Header Files</Filter>
    </ClInclude>
    <ClInclude Include="external\discord_game_sdk\discord.h">
      <Filter>Header Files</Filter>
    </ClInclude>
    <ClInclude Include="external\discord_game_sdk\event.h">
      <Filter>Header Files</Filter>
    </ClInclude>
    <ClInclude Include="external\discord_game_sdk\ffi.h">
      <Filter>Header Files</Filter>
    </ClInclude>
    <ClInclude Include="external\discord_game_sdk\image_manager.h">
      <Filter>Header Files</Filter>
    </ClInclude>
    <ClInclude Include="external\discord_game_sdk\lobby_manager.h">
      <Filter>Header Files</Filter>
    </ClInclude>
    <ClInclude Include="external\discord_game_sdk\network_manager.h">
      <Filter>Header Files</Filter>
    </ClInclude>
    <ClInclude Include="external\discord_game_sdk\overlay_manager.h">
      <Filter>Header Files</Filter>
    </ClInclude>
    <ClInclude Include="external\discord_game_sdk\relationship_manager.h">
      <Filter>Header Files</Filter>
    </ClInclude>
    <ClInclude Include="external\discord_game_sdk\storage_manager.h">
      <Filter>Header Files</Filter>
    </ClInclude>
    <ClInclude Include="external\discord_game_sdk\store_manager.h">
      <Filter>Header Files</Filter>
    </ClInclude>
    <ClInclude Include="external\discord_game_sdk\types.h">
      <Filter>Header Files</Filter>
    </ClInclude>
    <ClInclude Include="external\discord_game_sdk\user_manager.h">
      <Filter>Header Files</Filter>
    </ClInclude>
    <ClInclude Include="src\discordgamecore.h">
      <Filter>Header Files</Filter>
    </ClInclude>
    <ClInclude Include="src\console.h">
      <Filter>Header Files</Filter>
    </ClInclude>
    <ClInclude Include="src\Modules\ServerBrowser.h">
      <Filter>Header Files</Filter>
    </ClInclude>
    <ClInclude Include="src\Modules\Serverinfo.h">
      <Filter>Header Files</Filter>
    </ClInclude>
    <ClInclude Include="src\Modules\Memory.h">
      <Filter>Header Files</Filter>
    </ClInclude>
    <ClInclude Include="external\wil\com.h">
      <Filter>Header Files</Filter>
    </ClInclude>
    <ClInclude Include="external\wil\com_apartment_variable.h">
      <Filter>Header Files</Filter>
    </ClInclude>
    <ClInclude Include="external\wil\common.h">
      <Filter>Header Files</Filter>
    </ClInclude>
    <ClInclude Include="external\wil\coroutine.h">
      <Filter>Header Files</Filter>
    </ClInclude>
    <ClInclude Include="external\wil\cppwinrt.h">
      <Filter>Header Files</Filter>
    </ClInclude>
    <ClInclude Include="external\wil\cppwinrt_authoring.h">
      <Filter>Header Files</Filter>
    </ClInclude>
    <ClInclude Include="external\wil\cppwinrt_helpers.h">
      <Filter>Header Files</Filter>
    </ClInclude>
    <ClInclude Include="external\wil\cppwinrt_notifiable_module_lock.h">
      <Filter>Header Files</Filter>
    </ClInclude>
    <ClInclude Include="external\wil\cppwinrt_register_com_server.h">
      <Filter>Header Files</Filter>
    </ClInclude>
    <ClInclude Include="external\wil\cppwinrt_wrl.h">
      <Filter>Header Files</Filter>
    </ClInclude>
    <ClInclude Include="external\wil\filesystem.h">
      <Filter>Header Files</Filter>
    </ClInclude>
    <ClInclude Include="external\wil\nt_result_macros.h">
      <Filter>Header Files</Filter>
    </ClInclude>
    <ClInclude Include="external\wil\registry.h">
      <Filter>Header Files</Filter>
    </ClInclude>
    <ClInclude Include="external\wil\registry_helpers.h">
      <Filter>Header Files</Filter>
    </ClInclude>
    <ClInclude Include="external\wil\resource.h">
      <Filter>Header Files</Filter>
    </ClInclude>
    <ClInclude Include="external\wil\result.h">
      <Filter>Header Files</Filter>
    </ClInclude>
    <ClInclude Include="external\wil\result_macros.h">
      <Filter>Header Files</Filter>
    </ClInclude>
    <ClInclude Include="external\wil\result_originate.h">
      <Filter>Header Files</Filter>
    </ClInclude>
    <ClInclude Include="external\wil\rpc_helpers.h">
      <Filter>Header Files</Filter>
    </ClInclude>
    <ClInclude Include="external\wil\safecast.h">
      <Filter>Header Files</Filter>
    </ClInclude>
    <ClInclude Include="external\wil\stl.h">
      <Filter>Header Files</Filter>
    </ClInclude>
    <ClInclude Include="external\wil\token_helpers.h">
      <Filter>Header Files</Filter>
    </ClInclude>
    <ClInclude Include="external\wil\Tracelogging.h">
      <Filter>Header Files</Filter>
    </ClInclude>
    <ClInclude Include="external\wil\traceloggingconfig.h">
      <Filter>Header Files</Filter>
    </ClInclude>
    <ClInclude Include="external\wil\win32_helpers.h">
      <Filter>Header Files</Filter>
    </ClInclude>
    <ClInclude Include="external\wil\win32_result_macros.h">
      <Filter>Header Files</Filter>
    </ClInclude>
    <ClInclude Include="external\wil\windowing.h">
      <Filter>Header Files</Filter>
    </ClInclude>
    <ClInclude Include="external\wil\winrt.h">
      <Filter>Header Files</Filter>
    </ClInclude>
    <ClInclude Include="external\wil\wistd_config.h">
      <Filter>Header Files</Filter>
    </ClInclude>
    <ClInclude Include="external\wil\wistd_functional.h">
      <Filter>Header Files</Filter>
    </ClInclude>
    <ClInclude Include="external\wil\wistd_memory.h">
      <Filter>Header Files</Filter>
    </ClInclude>
    <ClInclude Include="external\wil\wistd_type_traits.h">
      <Filter>Header Files</Filter>
    </ClInclude>
    <ClInclude Include="external\wil\wrl.h">
      <Filter>Header Files</Filter>
    </ClInclude>
    <ClInclude Include="external\nlohmann\detail\conversions\from_json.hpp">
      <Filter>Header Files</Filter>
    </ClInclude>
    <ClInclude Include="external\nlohmann\detail\conversions\to_chars.hpp">
      <Filter>Header Files</Filter>
    </ClInclude>
    <ClInclude Include="external\nlohmann\detail\conversions\to_json.hpp">
      <Filter>Header Files</Filter>
    </ClInclude>
    <ClInclude Include="external\nlohmann\detail\input\binary_reader.hpp">
      <Filter>Header Files</Filter>
    </ClInclude>
    <ClInclude Include="external\nlohmann\detail\input\input_adapters.hpp">
      <Filter>Header Files</Filter>
    </ClInclude>
    <ClInclude Include="external\nlohmann\detail\input\json_sax.hpp">
      <Filter>Header Files</Filter>
    </ClInclude>
    <ClInclude Include="external\nlohmann\detail\input\lexer.hpp">
      <Filter>Header Files</Filter>
    </ClInclude>
    <ClInclude Include="external\nlohmann\detail\input\parser.hpp">
      <Filter>Header Files</Filter>
    </ClInclude>
    <ClInclude Include="external\nlohmann\detail\input\position_t.hpp">
      <Filter>Header Files</Filter>
    </ClInclude>
    <ClInclude Include="external\nlohmann\detail\iterators\internal_iterator.hpp">
      <Filter>Header Files</Filter>
    </ClInclude>
    <ClInclude Include="external\nlohmann\detail\iterators\iter_impl.hpp">
      <Filter>Header Files</Filter>
    </ClInclude>
    <ClInclude Include="external\nlohmann\detail\iterators\iteration_proxy.hpp">
      <Filter>Header Files</Filter>
    </ClInclude>
    <ClInclude Include="external\nlohmann\detail\iterators\iterator_traits.hpp">
      <Filter>Header Files</Filter>
    </ClInclude>
    <ClInclude Include="external\nlohmann\detail\iterators\json_reverse_iterator.hpp">
      <Filter>Header Files</Filter>
    </ClInclude>
    <ClInclude Include="external\nlohmann\detail\iterators\primitive_iterator.hpp">
      <Filter>Header Files</Filter>
    </ClInclude>
    <ClInclude Include="external\nlohmann\detail\meta\call_std\begin.hpp">
      <Filter>Header Files</Filter>
    </ClInclude>
    <ClInclude Include="external\nlohmann\detail\meta\call_std\end.hpp">
      <Filter>Header Files</Filter>
    </ClInclude>
    <ClInclude Include="external\nlohmann\detail\meta\cpp_future.hpp">
      <Filter>Header Files</Filter>
    </ClInclude>
    <ClInclude Include="external\nlohmann\detail\meta\detected.hpp">
      <Filter>Header Files</Filter>
    </ClInclude>
    <ClInclude Include="external\nlohmann\detail\meta\identity_tag.hpp">
      <Filter>Header Files</Filter>
    </ClInclude>
    <ClInclude Include="external\nlohmann\detail\meta\is_sax.hpp">
      <Filter>Header Files</Filter>
    </ClInclude>
    <ClInclude Include="external\nlohmann\detail\meta\std_fs.hpp">
      <Filter>Header Files</Filter>
    </ClInclude>
    <ClInclude Include="external\nlohmann\detail\meta\type_traits.hpp">
      <Filter>Header Files</Filter>
    </ClInclude>
    <ClInclude Include="external\nlohmann\detail\meta\void_t.hpp">
      <Filter>Header Files</Filter>
    </ClInclude>
    <ClInclude Include="external\nlohmann\detail\output\binary_writer.hpp">
      <Filter>Header Files</Filter>
    </ClInclude>
    <ClInclude Include="external\nlohmann\detail\output\output_adapters.hpp">
      <Filter>Header Files</Filter>
    </ClInclude>
    <ClInclude Include="external\nlohmann\detail\output\serializer.hpp">
      <Filter>Header Files</Filter>
    </ClInclude>
    <ClInclude Include="external\nlohmann\detail\abi_macros.hpp">
      <Filter>Header Files</Filter>
    </ClInclude>
    <ClInclude Include="external\nlohmann\detail\exceptions.hpp">
      <Filter>Header Files</Filter>
    </ClInclude>
    <ClInclude Include="external\nlohmann\detail\hash.hpp">
      <Filter>Header Files</Filter>
    </ClInclude>
    <ClInclude Include="external\nlohmann\detail\json_custom_base_class.hpp">
      <Filter>Header Files</Filter>
    </ClInclude>
    <ClInclude Include="external\nlohmann\detail\json_pointer.hpp">
      <Filter>Header Files</Filter>
    </ClInclude>
    <ClInclude Include="external\nlohmann\detail\json_ref.hpp">
      <Filter>Header Files</Filter>
    </ClInclude>
    <ClInclude Include="external\nlohmann\detail\macro_scope.hpp">
      <Filter>Header Files</Filter>
    </ClInclude>
    <ClInclude Include="external\nlohmann\detail\macro_unscope.hpp">
      <Filter>Header Files</Filter>
    </ClInclude>
    <ClInclude Include="external\nlohmann\detail\string_concat.hpp">
      <Filter>Header Files</Filter>
    </ClInclude>
    <ClInclude Include="external\nlohmann\detail\string_escape.hpp">
      <Filter>Header Files</Filter>
    </ClInclude>
    <ClInclude Include="external\nlohmann\detail\value_t.hpp">
      <Filter>Header Files</Filter>
    </ClInclude>
    <ClInclude Include="external\nlohmann\thirdparty\hedley\hedley.hpp">
      <Filter>Header Files</Filter>
    </ClInclude>
    <ClInclude Include="external\nlohmann\thirdparty\hedley\hedley_undef.hpp">
      <Filter>Header Files</Filter>
    </ClInclude>
    <ClInclude Include="external\nlohmann\adl_serializer.hpp">
      <Filter>Header Files</Filter>
    </ClInclude>
    <ClInclude Include="external\nlohmann\byte_container_with_subtype.hpp">
      <Filter>Header Files</Filter>
    </ClInclude>
    <ClInclude Include="external\nlohmann\json.hpp">
      <Filter>Header Files</Filter>
    </ClInclude>
    <ClInclude Include="external\nlohmann\json_fwd.hpp">
      <Filter>Header Files</Filter>
    </ClInclude>
    <ClInclude Include="external\nlohmann\ordered_map.hpp">
      <Filter>Header Files</Filter>
    </ClInclude>
  </ItemGroup>
  <ItemGroup>
    <ClCompile Include="external\imgui\imgui.cpp">
      <Filter>Source Files</Filter>
    </ClCompile>
    <ClCompile Include="external\imgui\imgui_draw.cpp">
      <Filter>Source Files</Filter>
    </ClCompile>
    <ClCompile Include="external\imgui\imgui_impl_dx11.cpp">
      <Filter>Source Files</Filter>
    </ClCompile>
    <ClCompile Include="external\imgui\imgui_impl_win32.cpp">
      <Filter>Source Files</Filter>
    </ClCompile>
    <ClCompile Include="external\imgui\imgui_tables.cpp">
      <Filter>Source Files</Filter>
    </ClCompile>
    <ClCompile Include="external\imgui\imgui_widgets.cpp">
      <Filter>Source Files</Filter>
    </ClCompile>
    <ClCompile Include="src\main.cpp">
      <Filter>Source Files</Filter>
    </ClCompile>
    <ClCompile Include="src\ConfigManager.cpp">
      <Filter>Source Files</Filter>
    </ClCompile>
    <ClCompile Include="src\autoclicker.cpp">
      <Filter>Source Files</Filter>
    </ClCompile>
    <ClCompile Include="src\LowLevelKeyboardProc.cpp">
      <Filter>Source Files</Filter>
    </ClCompile>
    <ClCompile Include="external\discord_game_sdk\achievement_manager.cpp">
      <Filter>Source Files</Filter>
    </ClCompile>
    <ClCompile Include="external\discord_game_sdk\activity_manager.cpp">
      <Filter>Source Files</Filter>
    </ClCompile>
    <ClCompile Include="external\discord_game_sdk\application_manager.cpp">
      <Filter>Source Files</Filter>
    </ClCompile>
    <ClCompile Include="external\discord_game_sdk\core.cpp">
      <Filter>Source Files</Filter>
    </ClCompile>
    <ClCompile Include="external\discord_game_sdk\image_manager.cpp">
      <Filter>Source Files</Filter>
    </ClCompile>
    <ClCompile Include="external\discord_game_sdk\lobby_manager.cpp">
      <Filter>Source Files</Filter>
    </ClCompile>
    <ClCompile Include="external\discord_game_sdk\network_manager.cpp">
      <Filter>Source Files</Filter>
    </ClCompile>
    <ClCompile Include="external\discord_game_sdk\overlay_manager.cpp">
      <Filter>Source Files</Filter>
    </ClCompile>
    <ClCompile Include="external\discord_game_sdk\relationship_manager.cpp">
      <Filter>Source Files</Filter>
    </ClCompile>
    <ClCompile Include="external\discord_game_sdk\storage_manager.cpp">
      <Filter>Source Files</Filter>
    </ClCompile>
    <ClCompile Include="external\discord_game_sdk\store_manager.cpp">
      <Filter>Source Files</Filter>
    </ClCompile>
    <ClCompile Include="external\discord_game_sdk\types.cpp">
      <Filter>Source Files</Filter>
    </ClCompile>
    <ClCompile Include="external\discord_game_sdk\user_manager.cpp">
      <Filter>Source Files</Filter>
    </ClCompile>
    <ClCompile Include="external\discord_game_sdk\voice_manager.cpp">
      <Filter>Source Files</Filter>
    </ClCompile>
    <ClCompile Include="src\discordgamecore.cpp">
      <Filter>Source Files</Filter>
    </ClCompile>
    <ClCompile Include="src\console.cpp">
      <Filter>Source Files</Filter>
    </ClCompile>
    <ClCompile Include="src\Modules\ServerBrowser.cpp">
      <Filter>Source Files</Filter>
    </ClCompile>
    <ClCompile Include="src\Modules\Memory.cpp">
      <Filter>Source Files</Filter>
    </ClCompile>
  </ItemGroup>
  <ItemGroup>
    <Text Include="Ideas.txt" />
  </ItemGroup>
  <ItemGroup>
    <None Include="packages.config" />
  </ItemGroup>
</Project>